// !$*UTF8*$!
{
	archiveVersion = 1;
	classes = {
	};
	objectVersion = 46;
	objects = {

/* Begin PBXBuildFile section */
		06021444208590E800036E68 /* CoverFromCornerAnimation.swift in Sources */ = {isa = PBXBuildFile; fileRef = 06021443208590E800036E68 /* CoverFromCornerAnimation.swift */; };
		06021446208592CA00036E68 /* FlipHorizontalAnimation.swift in Sources */ = {isa = PBXBuildFile; fileRef = 06021445208592CA00036E68 /* FlipHorizontalAnimation.swift */; };
		06218DB71E897CAE00D6FE4B /* BackgroundView.swift in Sources */ = {isa = PBXBuildFile; fileRef = 06218DB41E897CAE00D6FE4B /* BackgroundView.swift */; };
		06218DB81E897CAE00D6FE4B /* CoverVerticalAnimation.swift in Sources */ = {isa = PBXBuildFile; fileRef = 06218DB51E897CAE00D6FE4B /* CoverVerticalAnimation.swift */; };
		06218DB91E897CAE00D6FE4B /* CrossDissolveAnimation.swift in Sources */ = {isa = PBXBuildFile; fileRef = 06218DB61E897CAE00D6FE4B /* CrossDissolveAnimation.swift */; };
		06218DBB1E897CF900D6FE4B /* PresentrShadow.swift in Sources */ = {isa = PBXBuildFile; fileRef = 06218DBA1E897CF900D6FE4B /* PresentrShadow.swift */; };
		06686C741CE8248D00F88216 /* PresentrAnimation.swift in Sources */ = {isa = PBXBuildFile; fileRef = 06686C731CE8248D00F88216 /* PresentrAnimation.swift */; };
		06686C761CE8250200F88216 /* CoverVerticalFromTopAnimation.swift in Sources */ = {isa = PBXBuildFile; fileRef = 06686C751CE8250200F88216 /* CoverVerticalFromTopAnimation.swift */; };
		06686C9D1CE947E200F88216 /* CoverHorizontalAnimation.swift in Sources */ = {isa = PBXBuildFile; fileRef = 06686C9C1CE947E200F88216 /* CoverHorizontalAnimation.swift */; };
		0680CC331CE3EFA900CBAE4F /* Presentr.h in Headers */ = {isa = PBXBuildFile; fileRef = 0680CC321CE3EFA900CBAE4F /* Presentr.h */; settings = {ATTRIBUTES = (Public, ); }; };
		0680CC3A1CE3EFA900CBAE4F /* Presentr.framework in Frameworks */ = {isa = PBXBuildFile; fileRef = 0680CC2F1CE3EFA900CBAE4F /* Presentr.framework */; };
		0680CC3F1CE3EFA900CBAE4F /* PresentrTests.swift in Sources */ = {isa = PBXBuildFile; fileRef = 0680CC3E1CE3EFA900CBAE4F /* PresentrTests.swift */; };
		0680CC4D1CE3EFC500CBAE4F /* Presentr.swift in Sources */ = {isa = PBXBuildFile; fileRef = 0680CC491CE3EFC500CBAE4F /* Presentr.swift */; };
		0680CC4F1CE3EFC500CBAE4F /* PresentrController.swift in Sources */ = {isa = PBXBuildFile; fileRef = 0680CC4B1CE3EFC500CBAE4F /* PresentrController.swift */; };
		0680CC531CE3EFFA00CBAE4F /* AlertViewController.xib in Resources */ = {isa = PBXBuildFile; fileRef = 0680CC511CE3EFFA00CBAE4F /* AlertViewController.xib */; };
		0680CC541CE3EFFA00CBAE4F /* AlertViewController.swift in Sources */ = {isa = PBXBuildFile; fileRef = 0680CC521CE3EFFA00CBAE4F /* AlertViewController.swift */; };
		06B585471D2D5FDB0045C8DA /* Presentr+Equatable.swift in Sources */ = {isa = PBXBuildFile; fileRef = 06B585461D2D5FDB0045C8DA /* Presentr+Equatable.swift */; };
		06B585581D2D6F4B0045C8DA /* PresentationType.swift in Sources */ = {isa = PBXBuildFile; fileRef = 06B585571D2D6F4B0045C8DA /* PresentationType.swift */; };
		06B5855B1D2D6F8B0045C8DA /* TransitionType.swift in Sources */ = {isa = PBXBuildFile; fileRef = 06B5855A1D2D6F8B0045C8DA /* TransitionType.swift */; };
		06B5855D1D2D6FB00045C8DA /* ModalSize.swift in Sources */ = {isa = PBXBuildFile; fileRef = 06B5855C1D2D6FB00045C8DA /* ModalSize.swift */; };
		06B5855F1D2D6FE20045C8DA /* ModalCenterPosition.swift in Sources */ = {isa = PBXBuildFile; fileRef = 06B5855E1D2D6FE20045C8DA /* ModalCenterPosition.swift */; };
		06BE3E4C1CED58DB0052424E /* SourceSansPro-Regular.ttf in Resources */ = {isa = PBXBuildFile; fileRef = 06BE3E4B1CED58DB0052424E /* SourceSansPro-Regular.ttf */; };
		06BE3E4E1CED58EA0052424E /* Montserrat-Regular.ttf in Resources */ = {isa = PBXBuildFile; fileRef = 06BE3E4D1CED58EA0052424E /* Montserrat-Regular.ttf */; };
		28E70FD41D5E8AD600B0B885 /* KeyboardTranslation.swift in Sources */ = {isa = PBXBuildFile; fileRef = 28E70FD31D5E8AD600B0B885 /* KeyboardTranslation.swift */; };
/* End PBXBuildFile section */

/* Begin PBXContainerItemProxy section */
		0680CC3B1CE3EFA900CBAE4F /* PBXContainerItemProxy */ = {
			isa = PBXContainerItemProxy;
			containerPortal = 0680CC261CE3EFA900CBAE4F /* Project object */;
			proxyType = 1;
			remoteGlobalIDString = 0680CC2E1CE3EFA900CBAE4F;
			remoteInfo = Presentr;
		};
/* End PBXContainerItemProxy section */

/* Begin PBXFileReference section */
		06021443208590E800036E68 /* CoverFromCornerAnimation.swift */ = {isa = PBXFileReference; fileEncoding = 4; lastKnownFileType = sourcecode.swift; path = CoverFromCornerAnimation.swift; sourceTree = "<group>"; };
		06021445208592CA00036E68 /* FlipHorizontalAnimation.swift */ = {isa = PBXFileReference; fileEncoding = 4; lastKnownFileType = sourcecode.swift; path = FlipHorizontalAnimation.swift; sourceTree = "<group>"; };
		06218DB41E897CAE00D6FE4B /* BackgroundView.swift */ = {isa = PBXFileReference; fileEncoding = 4; lastKnownFileType = sourcecode.swift; path = BackgroundView.swift; sourceTree = "<group>"; };
		06218DB51E897CAE00D6FE4B /* CoverVerticalAnimation.swift */ = {isa = PBXFileReference; fileEncoding = 4; lastKnownFileType = sourcecode.swift; path = CoverVerticalAnimation.swift; sourceTree = "<group>"; };
		06218DB61E897CAE00D6FE4B /* CrossDissolveAnimation.swift */ = {isa = PBXFileReference; fileEncoding = 4; lastKnownFileType = sourcecode.swift; path = CrossDissolveAnimation.swift; sourceTree = "<group>"; };
		06218DBA1E897CF900D6FE4B /* PresentrShadow.swift */ = {isa = PBXFileReference; fileEncoding = 4; lastKnownFileType = sourcecode.swift; path = PresentrShadow.swift; sourceTree = "<group>"; };
		06686C731CE8248D00F88216 /* PresentrAnimation.swift */ = {isa = PBXFileReference; fileEncoding = 4; lastKnownFileType = sourcecode.swift; path = PresentrAnimation.swift; sourceTree = "<group>"; };
		06686C751CE8250200F88216 /* CoverVerticalFromTopAnimation.swift */ = {isa = PBXFileReference; fileEncoding = 4; lastKnownFileType = sourcecode.swift; path = CoverVerticalFromTopAnimation.swift; sourceTree = "<group>"; };
		06686C9C1CE947E200F88216 /* CoverHorizontalAnimation.swift */ = {isa = PBXFileReference; fileEncoding = 4; lastKnownFileType = sourcecode.swift; path = CoverHorizontalAnimation.swift; sourceTree = "<group>"; };
		0680CC2F1CE3EFA900CBAE4F /* Presentr.framework */ = {isa = PBXFileReference; explicitFileType = wrapper.framework; includeInIndex = 0; path = Presentr.framework; sourceTree = BUILT_PRODUCTS_DIR; };
		0680CC321CE3EFA900CBAE4F /* Presentr.h */ = {isa = PBXFileReference; lastKnownFileType = sourcecode.c.h; path = Presentr.h; sourceTree = "<group>"; };
		0680CC341CE3EFA900CBAE4F /* Info.plist */ = {isa = PBXFileReference; lastKnownFileType = text.plist.xml; path = Info.plist; sourceTree = "<group>"; };
		0680CC391CE3EFA900CBAE4F /* PresentrTests.xctest */ = {isa = PBXFileReference; explicitFileType = wrapper.cfbundle; includeInIndex = 0; path = PresentrTests.xctest; sourceTree = BUILT_PRODUCTS_DIR; };
		0680CC3E1CE3EFA900CBAE4F /* PresentrTests.swift */ = {isa = PBXFileReference; lastKnownFileType = sourcecode.swift; path = PresentrTests.swift; sourceTree = "<group>"; };
		0680CC401CE3EFA900CBAE4F /* Info.plist */ = {isa = PBXFileReference; lastKnownFileType = text.plist.xml; path = Info.plist; sourceTree = "<group>"; };
		0680CC491CE3EFC500CBAE4F /* Presentr.swift */ = {isa = PBXFileReference; fileEncoding = 4; lastKnownFileType = sourcecode.swift; path = Presentr.swift; sourceTree = "<group>"; };
		0680CC4B1CE3EFC500CBAE4F /* PresentrController.swift */ = {isa = PBXFileReference; fileEncoding = 4; lastKnownFileType = sourcecode.swift; path = PresentrController.swift; sourceTree = "<group>"; };
		0680CC511CE3EFFA00CBAE4F /* AlertViewController.xib */ = {isa = PBXFileReference; fileEncoding = 4; lastKnownFileType = file.xib; path = AlertViewController.xib; sourceTree = "<group>"; };
		0680CC521CE3EFFA00CBAE4F /* AlertViewController.swift */ = {isa = PBXFileReference; fileEncoding = 4; lastKnownFileType = sourcecode.swift; path = AlertViewController.swift; sourceTree = "<group>"; };
		06B585461D2D5FDB0045C8DA /* Presentr+Equatable.swift */ = {isa = PBXFileReference; fileEncoding = 4; lastKnownFileType = sourcecode.swift; path = "Presentr+Equatable.swift"; sourceTree = "<group>"; };
		06B585571D2D6F4B0045C8DA /* PresentationType.swift */ = {isa = PBXFileReference; fileEncoding = 4; lastKnownFileType = sourcecode.swift; path = PresentationType.swift; sourceTree = "<group>"; };
		06B5855A1D2D6F8B0045C8DA /* TransitionType.swift */ = {isa = PBXFileReference; fileEncoding = 4; lastKnownFileType = sourcecode.swift; path = TransitionType.swift; sourceTree = "<group>"; };
		06B5855C1D2D6FB00045C8DA /* ModalSize.swift */ = {isa = PBXFileReference; fileEncoding = 4; lastKnownFileType = sourcecode.swift; path = ModalSize.swift; sourceTree = "<group>"; };
		06B5855E1D2D6FE20045C8DA /* ModalCenterPosition.swift */ = {isa = PBXFileReference; fileEncoding = 4; lastKnownFileType = sourcecode.swift; path = ModalCenterPosition.swift; sourceTree = "<group>"; };
		06BE3E4B1CED58DB0052424E /* SourceSansPro-Regular.ttf */ = {isa = PBXFileReference; lastKnownFileType = file; path = "SourceSansPro-Regular.ttf"; sourceTree = "<group>"; };
		06BE3E4D1CED58EA0052424E /* Montserrat-Regular.ttf */ = {isa = PBXFileReference; lastKnownFileType = file; path = "Montserrat-Regular.ttf"; sourceTree = "<group>"; };
		28E70FD31D5E8AD600B0B885 /* KeyboardTranslation.swift */ = {isa = PBXFileReference; fileEncoding = 4; lastKnownFileType = sourcecode.swift; path = KeyboardTranslation.swift; sourceTree = "<group>"; };
/* End PBXFileReference section */

/* Begin PBXFrameworksBuildPhase section */
		0680CC2B1CE3EFA900CBAE4F /* Frameworks */ = {
			isa = PBXFrameworksBuildPhase;
			buildActionMask = 2147483647;
			files = (
			);
			runOnlyForDeploymentPostprocessing = 0;
		};
		0680CC361CE3EFA900CBAE4F /* Frameworks */ = {
			isa = PBXFrameworksBuildPhase;
			buildActionMask = 2147483647;
			files = (
				0680CC3A1CE3EFA900CBAE4F /* Presentr.framework in Frameworks */,
			);
			runOnlyForDeploymentPostprocessing = 0;
		};
/* End PBXFrameworksBuildPhase section */

/* Begin PBXGroup section */
		06218DBC1E897CFF00D6FE4B /* Views */ = {
			isa = PBXGroup;
			children = (
				06218DB41E897CAE00D6FE4B /* BackgroundView.swift */,
				06218DBA1E897CF900D6FE4B /* PresentrShadow.swift */,
			);
			name = Views;
			sourceTree = "<group>";
		};
		06686CB41CE96DCE00F88216 /* Animation */ = {
			isa = PBXGroup;
			children = (
				06686C731CE8248D00F88216 /* PresentrAnimation.swift */,
				06218DB51E897CAE00D6FE4B /* CoverVerticalAnimation.swift */,
				06218DB61E897CAE00D6FE4B /* CrossDissolveAnimation.swift */,
				06686C9C1CE947E200F88216 /* CoverHorizontalAnimation.swift */,
				06686C751CE8250200F88216 /* CoverVerticalFromTopAnimation.swift */,
				06021443208590E800036E68 /* CoverFromCornerAnimation.swift */,
				06021445208592CA00036E68 /* FlipHorizontalAnimation.swift */,
			);
			name = Animation;
			sourceTree = "<group>";
		};
		0680CC251CE3EFA900CBAE4F = {
			isa = PBXGroup;
			children = (
				0680CC311CE3EFA900CBAE4F /* Presentr */,
				0680CC3D1CE3EFA900CBAE4F /* PresentrTests */,
				0680CC301CE3EFA900CBAE4F /* Products */,
			);
			sourceTree = "<group>";
		};
		0680CC301CE3EFA900CBAE4F /* Products */ = {
			isa = PBXGroup;
			children = (
				0680CC2F1CE3EFA900CBAE4F /* Presentr.framework */,
				0680CC391CE3EFA900CBAE4F /* PresentrTests.xctest */,
			);
			name = Products;
			sourceTree = "<group>";
		};
		0680CC311CE3EFA900CBAE4F /* Presentr */ = {
			isa = PBXGroup;
			children = (
				0680CC321CE3EFA900CBAE4F /* Presentr.h */,
				0680CC491CE3EFC500CBAE4F /* Presentr.swift */,
				0680CC4B1CE3EFC500CBAE4F /* PresentrController.swift */,
				06B585571D2D6F4B0045C8DA /* PresentationType.swift */,
				06B5855A1D2D6F8B0045C8DA /* TransitionType.swift */,
				06B5855C1D2D6FB00045C8DA /* ModalSize.swift */,
				06B5855E1D2D6FE20045C8DA /* ModalCenterPosition.swift */,
				06218DBC1E897CFF00D6FE4B /* Views */,
				06686CB41CE96DCE00F88216 /* Animation */,
				06D8AE8E1CE40BF300E00A6C /* Alert */,
				06B585591D2D6F550045C8DA /* Utils */,
				06A1F0C51CF3D1C70057C79B /* Assets */,
			);
			path = Presentr;
			sourceTree = "<group>";
		};
		0680CC3D1CE3EFA900CBAE4F /* PresentrTests */ = {
			isa = PBXGroup;
			children = (
				0680CC3E1CE3EFA900CBAE4F /* PresentrTests.swift */,
				0680CC401CE3EFA900CBAE4F /* Info.plist */,
			);
			path = PresentrTests;
			sourceTree = "<group>";
		};
		06A1F0C51CF3D1C70057C79B /* Assets */ = {
			isa = PBXGroup;
			children = (
				0680CC341CE3EFA900CBAE4F /* Info.plist */,
				06BE3E4D1CED58EA0052424E /* Montserrat-Regular.ttf */,
				06BE3E4B1CED58DB0052424E /* SourceSansPro-Regular.ttf */,
			);
			name = Assets;
			sourceTree = "<group>";
		};
		06B585591D2D6F550045C8DA /* Utils */ = {
			isa = PBXGroup;
			children = (
				28E70FD31D5E8AD600B0B885 /* KeyboardTranslation.swift */,
				06B585461D2D5FDB0045C8DA /* Presentr+Equatable.swift */,
			);
			name = Utils;
			sourceTree = "<group>";
		};
		06D8AE8E1CE40BF300E00A6C /* Alert */ = {
			isa = PBXGroup;
			children = (
				0680CC511CE3EFFA00CBAE4F /* AlertViewController.xib */,
				0680CC521CE3EFFA00CBAE4F /* AlertViewController.swift */,
			);
			name = Alert;
			sourceTree = "<group>";
		};
/* End PBXGroup section */

/* Begin PBXHeadersBuildPhase section */
		0680CC2C1CE3EFA900CBAE4F /* Headers */ = {
			isa = PBXHeadersBuildPhase;
			buildActionMask = 2147483647;
			files = (
				0680CC331CE3EFA900CBAE4F /* Presentr.h in Headers */,
			);
			runOnlyForDeploymentPostprocessing = 0;
		};
/* End PBXHeadersBuildPhase section */

/* Begin PBXNativeTarget section */
		0680CC2E1CE3EFA900CBAE4F /* Presentr */ = {
			isa = PBXNativeTarget;
			buildConfigurationList = 0680CC431CE3EFA900CBAE4F /* Build configuration list for PBXNativeTarget "Presentr" */;
			buildPhases = (
				0680CC2A1CE3EFA900CBAE4F /* Sources */,
				0680CC2B1CE3EFA900CBAE4F /* Frameworks */,
				0680CC2C1CE3EFA900CBAE4F /* Headers */,
				0680CC2D1CE3EFA900CBAE4F /* Resources */,
			);
			buildRules = (
			);
			dependencies = (
			);
			name = Presentr;
			productName = Presentr;
			productReference = 0680CC2F1CE3EFA900CBAE4F /* Presentr.framework */;
			productType = "com.apple.product-type.framework";
		};
		0680CC381CE3EFA900CBAE4F /* PresentrTests */ = {
			isa = PBXNativeTarget;
			buildConfigurationList = 0680CC461CE3EFA900CBAE4F /* Build configuration list for PBXNativeTarget "PresentrTests" */;
			buildPhases = (
				0680CC351CE3EFA900CBAE4F /* Sources */,
				0680CC361CE3EFA900CBAE4F /* Frameworks */,
				0680CC371CE3EFA900CBAE4F /* Resources */,
			);
			buildRules = (
			);
			dependencies = (
				0680CC3C1CE3EFA900CBAE4F /* PBXTargetDependency */,
			);
			name = PresentrTests;
			productName = PresentrTests;
			productReference = 0680CC391CE3EFA900CBAE4F /* PresentrTests.xctest */;
			productType = "com.apple.product-type.bundle.unit-test";
		};
/* End PBXNativeTarget section */

/* Begin PBXProject section */
		0680CC261CE3EFA900CBAE4F /* Project object */ = {
			isa = PBXProject;
			attributes = {
				LastSwiftUpdateCheck = 0730;
				LastUpgradeCheck = 0900;
				ORGANIZATIONNAME = danielozano;
				TargetAttributes = {
					0680CC2E1CE3EFA900CBAE4F = {
						CreatedOnToolsVersion = 7.3;
						LastSwiftMigration = 0900;
					};
					0680CC381CE3EFA900CBAE4F = {
						CreatedOnToolsVersion = 7.3;
						LastSwiftMigration = 0900;
					};
				};
			};
			buildConfigurationList = 0680CC291CE3EFA900CBAE4F /* Build configuration list for PBXProject "Presentr" */;
			compatibilityVersion = "Xcode 3.2";
			developmentRegion = English;
			hasScannedForEncodings = 0;
			knownRegions = (
				en,
			);
			mainGroup = 0680CC251CE3EFA900CBAE4F;
			productRefGroup = 0680CC301CE3EFA900CBAE4F /* Products */;
			projectDirPath = "";
			projectRoot = "";
			targets = (
				0680CC2E1CE3EFA900CBAE4F /* Presentr */,
				0680CC381CE3EFA900CBAE4F /* PresentrTests */,
			);
		};
/* End PBXProject section */

/* Begin PBXResourcesBuildPhase section */
		0680CC2D1CE3EFA900CBAE4F /* Resources */ = {
			isa = PBXResourcesBuildPhase;
			buildActionMask = 2147483647;
			files = (
				06BE3E4E1CED58EA0052424E /* Montserrat-Regular.ttf in Resources */,
				0680CC531CE3EFFA00CBAE4F /* AlertViewController.xib in Resources */,
				06BE3E4C1CED58DB0052424E /* SourceSansPro-Regular.ttf in Resources */,
			);
			runOnlyForDeploymentPostprocessing = 0;
		};
		0680CC371CE3EFA900CBAE4F /* Resources */ = {
			isa = PBXResourcesBuildPhase;
			buildActionMask = 2147483647;
			files = (
			);
			runOnlyForDeploymentPostprocessing = 0;
		};
/* End PBXResourcesBuildPhase section */

/* Begin PBXSourcesBuildPhase section */
		0680CC2A1CE3EFA900CBAE4F /* Sources */ = {
			isa = PBXSourcesBuildPhase;
			buildActionMask = 2147483647;
			files = (
				06686C761CE8250200F88216 /* CoverVerticalFromTopAnimation.swift in Sources */,
				06021446208592CA00036E68 /* FlipHorizontalAnimation.swift in Sources */,
				06B5855B1D2D6F8B0045C8DA /* TransitionType.swift in Sources */,
				06218DB71E897CAE00D6FE4B /* BackgroundView.swift in Sources */,
				06B5855F1D2D6FE20045C8DA /* ModalCenterPosition.swift in Sources */,
				06218DB81E897CAE00D6FE4B /* CoverVerticalAnimation.swift in Sources */,
				06686C9D1CE947E200F88216 /* CoverHorizontalAnimation.swift in Sources */,
				28E70FD41D5E8AD600B0B885 /* KeyboardTranslation.swift in Sources */,
				0680CC4D1CE3EFC500CBAE4F /* Presentr.swift in Sources */,
				06218DBB1E897CF900D6FE4B /* PresentrShadow.swift in Sources */,
				0680CC541CE3EFFA00CBAE4F /* AlertViewController.swift in Sources */,
				06021444208590E800036E68 /* CoverFromCornerAnimation.swift in Sources */,
				0680CC4F1CE3EFC500CBAE4F /* PresentrController.swift in Sources */,
				06218DB91E897CAE00D6FE4B /* CrossDissolveAnimation.swift in Sources */,
				06B5855D1D2D6FB00045C8DA /* ModalSize.swift in Sources */,
				06B585471D2D5FDB0045C8DA /* Presentr+Equatable.swift in Sources */,
				06686C741CE8248D00F88216 /* PresentrAnimation.swift in Sources */,
				06B585581D2D6F4B0045C8DA /* PresentationType.swift in Sources */,
			);
			runOnlyForDeploymentPostprocessing = 0;
		};
		0680CC351CE3EFA900CBAE4F /* Sources */ = {
			isa = PBXSourcesBuildPhase;
			buildActionMask = 2147483647;
			files = (
				0680CC3F1CE3EFA900CBAE4F /* PresentrTests.swift in Sources */,
			);
			runOnlyForDeploymentPostprocessing = 0;
		};
/* End PBXSourcesBuildPhase section */

/* Begin PBXTargetDependency section */
		0680CC3C1CE3EFA900CBAE4F /* PBXTargetDependency */ = {
			isa = PBXTargetDependency;
			target = 0680CC2E1CE3EFA900CBAE4F /* Presentr */;
			targetProxy = 0680CC3B1CE3EFA900CBAE4F /* PBXContainerItemProxy */;
		};
/* End PBXTargetDependency section */

/* Begin XCBuildConfiguration section */
		0680CC411CE3EFA900CBAE4F /* Debug */ = {
			isa = XCBuildConfiguration;
			buildSettings = {
				ALWAYS_SEARCH_USER_PATHS = NO;
				CLANG_ANALYZER_NONNULL = YES;
				CLANG_CXX_LANGUAGE_STANDARD = "gnu++0x";
				CLANG_CXX_LIBRARY = "libc++";
				CLANG_ENABLE_MODULES = YES;
				CLANG_ENABLE_OBJC_ARC = YES;
				CLANG_WARN_BLOCK_CAPTURE_AUTORELEASING = YES;
				CLANG_WARN_BOOL_CONVERSION = YES;
				CLANG_WARN_COMMA = YES;
				CLANG_WARN_CONSTANT_CONVERSION = YES;
				CLANG_WARN_DIRECT_OBJC_ISA_USAGE = YES_ERROR;
				CLANG_WARN_EMPTY_BODY = YES;
				CLANG_WARN_ENUM_CONVERSION = YES;
				CLANG_WARN_INFINITE_RECURSION = YES;
				CLANG_WARN_INT_CONVERSION = YES;
				CLANG_WARN_NON_LITERAL_NULL_CONVERSION = YES;
				CLANG_WARN_OBJC_LITERAL_CONVERSION = YES;
				CLANG_WARN_OBJC_ROOT_CLASS = YES_ERROR;
				CLANG_WARN_RANGE_LOOP_ANALYSIS = YES;
				CLANG_WARN_STRICT_PROTOTYPES = YES;
				CLANG_WARN_SUSPICIOUS_MOVE = YES;
				CLANG_WARN_UNREACHABLE_CODE = YES;
				CLANG_WARN__DUPLICATE_METHOD_MATCH = YES;
				"CODE_SIGN_IDENTITY[sdk=iphoneos*]" = "iPhone Developer";
				COPY_PHASE_STRIP = NO;
				CURRENT_PROJECT_VERSION = 1;
				DEBUG_INFORMATION_FORMAT = dwarf;
				ENABLE_STRICT_OBJC_MSGSEND = YES;
				ENABLE_TESTABILITY = YES;
				GCC_C_LANGUAGE_STANDARD = gnu99;
				GCC_DYNAMIC_NO_PIC = NO;
				GCC_NO_COMMON_BLOCKS = YES;
				GCC_OPTIMIZATION_LEVEL = 0;
				GCC_PREPROCESSOR_DEFINITIONS = (
					"DEBUG=1",
					"$(inherited)",
				);
				GCC_WARN_64_TO_32_BIT_CONVERSION = YES;
				GCC_WARN_ABOUT_RETURN_TYPE = YES_ERROR;
				GCC_WARN_UNDECLARED_SELECTOR = YES;
				GCC_WARN_UNINITIALIZED_AUTOS = YES_AGGRESSIVE;
				GCC_WARN_UNUSED_FUNCTION = YES;
				GCC_WARN_UNUSED_VARIABLE = YES;
				IPHONEOS_DEPLOYMENT_TARGET = 9.3;
				MTL_ENABLE_DEBUG_INFO = YES;
				ONLY_ACTIVE_ARCH = YES;
				SDKROOT = iphoneos;
				SWIFT_OPTIMIZATION_LEVEL = "-Onone";
				TARGETED_DEVICE_FAMILY = "1,2";
				VERSIONING_SYSTEM = "apple-generic";
				VERSION_INFO_PREFIX = "";
			};
			name = Debug;
		};
		0680CC421CE3EFA900CBAE4F /* Release */ = {
			isa = XCBuildConfiguration;
			buildSettings = {
				ALWAYS_SEARCH_USER_PATHS = NO;
				CLANG_ANALYZER_NONNULL = YES;
				CLANG_CXX_LANGUAGE_STANDARD = "gnu++0x";
				CLANG_CXX_LIBRARY = "libc++";
				CLANG_ENABLE_MODULES = YES;
				CLANG_ENABLE_OBJC_ARC = YES;
				CLANG_WARN_BLOCK_CAPTURE_AUTORELEASING = YES;
				CLANG_WARN_BOOL_CONVERSION = YES;
				CLANG_WARN_COMMA = YES;
				CLANG_WARN_CONSTANT_CONVERSION = YES;
				CLANG_WARN_DIRECT_OBJC_ISA_USAGE = YES_ERROR;
				CLANG_WARN_EMPTY_BODY = YES;
				CLANG_WARN_ENUM_CONVERSION = YES;
				CLANG_WARN_INFINITE_RECURSION = YES;
				CLANG_WARN_INT_CONVERSION = YES;
				CLANG_WARN_NON_LITERAL_NULL_CONVERSION = YES;
				CLANG_WARN_OBJC_LITERAL_CONVERSION = YES;
				CLANG_WARN_OBJC_ROOT_CLASS = YES_ERROR;
				CLANG_WARN_RANGE_LOOP_ANALYSIS = YES;
				CLANG_WARN_STRICT_PROTOTYPES = YES;
				CLANG_WARN_SUSPICIOUS_MOVE = YES;
				CLANG_WARN_UNREACHABLE_CODE = YES;
				CLANG_WARN__DUPLICATE_METHOD_MATCH = YES;
				"CODE_SIGN_IDENTITY[sdk=iphoneos*]" = "iPhone Developer";
				COPY_PHASE_STRIP = NO;
				CURRENT_PROJECT_VERSION = 1;
				DEBUG_INFORMATION_FORMAT = "dwarf-with-dsym";
				ENABLE_NS_ASSERTIONS = NO;
				ENABLE_STRICT_OBJC_MSGSEND = YES;
				GCC_C_LANGUAGE_STANDARD = gnu99;
				GCC_NO_COMMON_BLOCKS = YES;
				GCC_WARN_64_TO_32_BIT_CONVERSION = YES;
				GCC_WARN_ABOUT_RETURN_TYPE = YES_ERROR;
				GCC_WARN_UNDECLARED_SELECTOR = YES;
				GCC_WARN_UNINITIALIZED_AUTOS = YES_AGGRESSIVE;
				GCC_WARN_UNUSED_FUNCTION = YES;
				GCC_WARN_UNUSED_VARIABLE = YES;
				IPHONEOS_DEPLOYMENT_TARGET = 9.3;
				MTL_ENABLE_DEBUG_INFO = NO;
				SDKROOT = iphoneos;
				SWIFT_OPTIMIZATION_LEVEL = "-Owholemodule";
				TARGETED_DEVICE_FAMILY = "1,2";
				VALIDATE_PRODUCT = YES;
				VERSIONING_SYSTEM = "apple-generic";
				VERSION_INFO_PREFIX = "";
			};
			name = Release;
		};
		0680CC441CE3EFA900CBAE4F /* Debug */ = {
			isa = XCBuildConfiguration;
			buildSettings = {
				CLANG_ENABLE_MODULES = YES;
				"CODE_SIGN_IDENTITY[sdk=iphoneos*]" = "";
				DEFINES_MODULE = YES;
				DYLIB_COMPATIBILITY_VERSION = 1;
				DYLIB_CURRENT_VERSION = 1;
				DYLIB_INSTALL_NAME_BASE = "@rpath";
				INFOPLIST_FILE = Presentr/Info.plist;
				INSTALL_PATH = "$(LOCAL_LIBRARY_DIR)/Frameworks";
				IPHONEOS_DEPLOYMENT_TARGET = 8.0;
				LD_RUNPATH_SEARCH_PATHS = "$(inherited) @executable_path/Frameworks @loader_path/Frameworks";
				PRODUCT_BUNDLE_IDENTIFIER = danielozano.Presentr;
				PRODUCT_NAME = "$(TARGET_NAME)";
				SKIP_INSTALL = YES;
				SWIFT_OPTIMIZATION_LEVEL = "-Onone";
				SWIFT_SWIFT3_OBJC_INFERENCE = On;
				SWIFT_VERSION = 4.0;
			};
			name = Debug;
		};
		0680CC451CE3EFA900CBAE4F /* Release */ = {
			isa = XCBuildConfiguration;
			buildSettings = {
				CLANG_ENABLE_MODULES = YES;
				"CODE_SIGN_IDENTITY[sdk=iphoneos*]" = "";
				DEFINES_MODULE = YES;
				DYLIB_COMPATIBILITY_VERSION = 1;
				DYLIB_CURRENT_VERSION = 1;
				DYLIB_INSTALL_NAME_BASE = "@rpath";
				INFOPLIST_FILE = Presentr/Info.plist;
				INSTALL_PATH = "$(LOCAL_LIBRARY_DIR)/Frameworks";
				IPHONEOS_DEPLOYMENT_TARGET = 8.0;
				LD_RUNPATH_SEARCH_PATHS = "$(inherited) @executable_path/Frameworks @loader_path/Frameworks";
				PRODUCT_BUNDLE_IDENTIFIER = danielozano.Presentr;
				PRODUCT_NAME = "$(TARGET_NAME)";
				SKIP_INSTALL = YES;
				SWIFT_SWIFT3_OBJC_INFERENCE = On;
				SWIFT_VERSION = 4.0;
			};
			name = Release;
		};
		0680CC471CE3EFA900CBAE4F /* Debug */ = {
			isa = XCBuildConfiguration;
			buildSettings = {
				INFOPLIST_FILE = PresentrTests/Info.plist;
				LD_RUNPATH_SEARCH_PATHS = "$(inherited) @executable_path/Frameworks @loader_path/Frameworks";
				PRODUCT_BUNDLE_IDENTIFIER = danielozano.PresentrTests;
				PRODUCT_NAME = "$(TARGET_NAME)";
				SWIFT_SWIFT3_OBJC_INFERENCE = On;
				SWIFT_VERSION = 4.0;
			};
			name = Debug;
		};
		0680CC481CE3EFA900CBAE4F /* Release */ = {
			isa = XCBuildConfiguration;
			buildSettings = {
				INFOPLIST_FILE = PresentrTests/Info.plist;
				LD_RUNPATH_SEARCH_PATHS = "$(inherited) @executable_path/Frameworks @loader_path/Frameworks";
				PRODUCT_BUNDLE_IDENTIFIER = danielozano.PresentrTests;
				PRODUCT_NAME = "$(TARGET_NAME)";
				SWIFT_SWIFT3_OBJC_INFERENCE = On;
				SWIFT_VERSION = 4.0;
			};
			name = Release;
		};
/* End XCBuildConfiguration section */

/* Begin XCConfigurationList section */
		0680CC291CE3EFA900CBAE4F /* Build configuration list for PBXProject "Presentr" */ = {
			isa = XCConfigurationList;
			buildConfigurations = (
				0680CC411CE3EFA900CBAE4F /* Debug */,
				0680CC421CE3EFA900CBAE4F /* Release */,
			);
			defaultConfigurationIsVisible = 0;
			defaultConfigurationName = Release;
		};
		0680CC431CE3EFA900CBAE4F /* Build configuration list for PBXNativeTarget "Presentr" */ = {
			isa = XCConfigurationList;
			buildConfigurations = (
				0680CC441CE3EFA900CBAE4F /* Debug */,
				0680CC451CE3EFA900CBAE4F /* Release */,
			);
			defaultConfigurationIsVisible = 0;
			defaultConfigurationName = Release;
		};
		0680CC461CE3EFA900CBAE4F /* Build configuration list for PBXNativeTarget "PresentrTests" */ = {
			isa = XCConfigurationList;
			buildConfigurations = (
				0680CC471CE3EFA900CBAE4F /* Debug */,
				0680CC481CE3EFA900CBAE4F /* Release */,
			);
			defaultConfigurationIsVisible = 0;
			defaultConfigurationName = Release;
		};
/* End XCConfigurationList section */
	};
	rootObject = 0680CC261CE3EFA900CBAE4F /* Project object */;
}
